
Microsoft Visual Studio Solution File, Format Version 12.00
# Visual Studio 15
VisualStudioVersion = 15.0.26730.16
MinimumVisualStudioVersion = 10.0.40219.1
Project("{D954291E-2A0B-460D-934E-DC6B0785DB48}") = "Week6", "Week6\Week6\Week6.shproj", "{8FAB8168-E3EF-4F89-BB3D-BF5853CED7B4}"
EndProject
Project("{FAE04EC0-301F-11D3-BF4B-00C04F79EFBC}") = "Week6.Android", "Week6\Week6.Android\Week6.Android.csproj", "{9C2CC426-5A42-419D-92F2-CBC60B9D70AE}"
EndProject
Project("{FAE04EC0-301F-11D3-BF4B-00C04F79EFBC}") = "Week6.iOS", "Week6\Week6.iOS\Week6.iOS.csproj", "{A6059ED6-0694-4C72-83D6-5277AF60869F}"
EndProject
Global
	GlobalSection(SharedMSBuildProjectFiles) = preSolution
		Week6\Week6\Week6.projitems*{8fab8168-e3ef-4f89-bb3d-bf5853ced7b4}*SharedItemsImports = 13
		Week6\Week6\Week6.projitems*{9c2cc426-5a42-419d-92f2-cbc60b9d70ae}*SharedItemsImports = 4
		Week6\Week6\Week6.projitems*{a6059ed6-0694-4c72-83d6-5277af60869f}*SharedItemsImports = 4
	EndGlobalSection
	GlobalSection(SolutionConfigurationPlatforms) = preSolution
		Ad-Hoc|Any CPU = Ad-Hoc|Any CPU
		Ad-Hoc|iPhone = Ad-Hoc|iPhone
		Ad-Hoc|iPhoneSimulator = Ad-Hoc|iPhoneSimulator
		AppStore|Any CPU = AppStore|Any CPU
		AppStore|iPhone = AppStore|iPhone
		AppStore|iPhoneSimulator = AppStore|iPhoneSimulator
		Debug|Any CPU = Debug|Any CPU
		Debug|iPhone = Debug|iPhone
		Debug|iPhoneSimulator = Debug|iPhoneSimulator
		Release|Any CPU = Release|Any CPU
		Release|iPhone = Release|iPhone
		Release|iPhoneSimulator = Release|iPhoneSimulator
	EndGlobalSection
	GlobalSection(ProjectConfigurationPlatforms) = postSolution
		{9C2CC426-5A42-419D-92F2-CBC60B9D70AE}.Ad-Hoc|Any CPU.ActiveCfg = Release|Any CPU
		{9C2CC426-5A42-419D-92F2-CBC60B9D70AE}.Ad-Hoc|Any CPU.Build.0 = Release|Any CPU
		{9C2CC426-5A42-419D-92F2-CBC60B9D70AE}.Ad-Hoc|Any CPU.Deploy.0 = Release|Any CPU
		{9C2CC426-5A42-419D-92F2-CBC60B9D70AE}.Ad-Hoc|iPhone.ActiveCfg = Release|Any CPU
		{9C2CC426-5A42-419D-92F2-CBC60B9D70AE}.Ad-Hoc|iPhone.Build.0 = Release|Any CPU
		{9C2CC426-5A42-419D-92F2-CBC60B9D70AE}.Ad-Hoc|iPhone.Deploy.0 = Release|Any CPU
		{9C2CC426-5A42-419D-92F2-CBC60B9D70AE}.Ad-Hoc|iPhoneSimulator.ActiveCfg = Release|Any CPU
		{9C2CC426-5A42-419D-92F2-CBC60B9D70AE}.Ad-Hoc|iPhoneSimulator.Build.0 = Release|Any CPU
		{9C2CC426-5A42-419D-92F2-CBC60B9D70AE}.Ad-Hoc|iPhoneSimulator.Deploy.0 = Release|Any CPU
		{9C2CC426-5A42-419D-92F2-CBC60B9D70AE}.AppStore|Any CPU.ActiveCfg = Release|Any CPU
		{9C2CC426-5A42-419D-92F2-CBC60B9D70AE}.AppStore|Any CPU.Build.0 = Release|Any CPU
		{9C2CC426-5A42-419D-92F2-CBC60B9D70AE}.AppStore|Any CPU.Deploy.0 = Release|Any CPU
		{9C2CC426-5A42-419D-92F2-CBC60B9D70AE}.AppStore|iPhone.ActiveCfg = Release|Any CPU
		{9C2CC426-5A42-419D-92F2-CBC60B9D70AE}.AppStore|iPhone.Build.0 = Release|Any CPU
		{9C2CC426-5A42-419D-92F2-CBC60B9D70AE}.AppStore|iPhone.Deploy.0 = Release|Any CPU
		{9C2CC426-5A42-419D-92F2-CBC60B9D70AE}.AppStore|iPhoneSimulator.ActiveCfg = Release|Any CPU
		{9C2CC426-5A42-419D-92F2-CBC60B9D70AE}.AppStore|iPhoneSimulator.Build.0 = Release|Any CPU
		{9C2CC426-5A42-419D-92F2-CBC60B9D70AE}.AppStore|iPhoneSimulator.Deploy.0 = Release|Any CPU
		{9C2CC426-5A42-419D-92F2-CBC60B9D70AE}.Debug|Any CPU.ActiveCfg = Debug|Any CPU
		{9C2CC426-5A42-419D-92F2-CBC60B9D70AE}.Debug|Any CPU.Build.0 = Debug|Any CPU
		{9C2CC426-5A42-419D-92F2-CBC60B9D70AE}.Debug|Any CPU.Deploy.0 = Debug|Any CPU
		{9C2CC426-5A42-419D-92F2-CBC60B9D70AE}.Debug|iPhone.ActiveCfg = Debug|Any CPU
		{9C2CC426-5A42-419D-92F2-CBC60B9D70AE}.Debug|iPhone.Build.0 = Debug|Any CPU
		{9C2CC426-5A42-419D-92F2-CBC60B9D70AE}.Debug|iPhone.Deploy.0 = Debug|Any CPU
		{9C2CC426-5A42-419D-92F2-CBC60B9D70AE}.Debug|iPhoneSimulator.ActiveCfg = Debug|Any CPU
		{9C2CC426-5A42-419D-92F2-CBC60B9D70AE}.Debug|iPhoneSimulator.Build.0 = Debug|Any CPU
		{9C2CC426-5A42-419D-92F2-CBC60B9D70AE}.Debug|iPhoneSimulator.Deploy.0 = Debug|Any CPU
		{9C2CC426-5A42-419D-92F2-CBC60B9D70AE}.Release|Any CPU.ActiveCfg = Release|Any CPU
		{9C2CC426-5A42-419D-92F2-CBC60B9D70AE}.Release|Any CPU.Build.0 = Release|Any CPU
		{9C2CC426-5A42-419D-92F2-CBC60B9D70AE}.Release|Any CPU.Deploy.0 = Release|Any CPU
		{9C2CC426-5A42-419D-92F2-CBC60B9D70AE}.Release|iPhone.ActiveCfg = Release|Any CPU
		{9C2CC426-5A42-419D-92F2-CBC60B9D70AE}.Release|iPhone.Build.0 = Release|Any CPU
		{9C2CC426-5A42-419D-92F2-CBC60B9D70AE}.Release|iPhone.Deploy.0 = Release|Any CPU
		{9C2CC426-5A42-419D-92F2-CBC60B9D70AE}.Release|iPhoneSimulator.ActiveCfg = Release|Any CPU
		{9C2CC426-5A42-419D-92F2-CBC60B9D70AE}.Release|iPhoneSimulator.Build.0 = Release|Any CPU
		{9C2CC426-5A42-419D-92F2-CBC60B9D70AE}.Release|iPhoneSimulator.Deploy.0 = Release|Any CPU
		{A6059ED6-0694-4C72-83D6-5277AF60869F}.Ad-Hoc|Any CPU.ActiveCfg = Ad-Hoc|iPhone
		{A6059ED6-0694-4C72-83D6-5277AF60869F}.Ad-Hoc|iPhone.ActiveCfg = Ad-Hoc|iPhone
		{A6059ED6-0694-4C72-83D6-5277AF60869F}.Ad-Hoc|iPhone.Build.0 = Ad-Hoc|iPhone
		{A6059ED6-0694-4C72-83D6-5277AF60869F}.Ad-Hoc|iPhoneSimulator.ActiveCfg = Ad-Hoc|iPhoneSimulator
		{A6059ED6-0694-4C72-83D6-5277AF60869F}.Ad-Hoc|iPhoneSimulator.Build.0 = Ad-Hoc|iPhoneSimulator
		{A6059ED6-0694-4C72-83D6-5277AF60869F}.AppStore|Any CPU.ActiveCfg = AppStore|iPhone
		{A6059ED6-0694-4C72-83D6-5277AF60869F}.AppStore|iPhone.ActiveCfg = AppStore|iPhone
		{A6059ED6-0694-4C72-83D6-5277AF60869F}.AppStore|iPhone.Build.0 = AppStore|iPhone
		{A6059ED6-0694-4C72-83D6-5277AF60869F}.AppStore|iPhoneSimulator.ActiveCfg = AppStore|iPhoneSimulator
		{A6059ED6-0694-4C72-83D6-5277AF60869F}.AppStore|iPhoneSimulator.Build.0 = AppStore|iPhoneSimulator
		{A6059ED6-0694-4C72-83D6-5277AF60869F}.Debug|Any CPU.ActiveCfg = Debug|iPhone
		{A6059ED6-0694-4C72-83D6-5277AF60869F}.Debug|iPhone.ActiveCfg = Debug|iPhone
		{A6059ED6-0694-4C72-83D6-5277AF60869F}.Debug|iPhone.Build.0 = Debug|iPhone
		{A6059ED6-0694-4C72-83D6-5277AF60869F}.Debug|iPhoneSimulator.ActiveCfg = Debug|iPhoneSimulator
		{A6059ED6-0694-4C72-83D6-5277AF60869F}.Debug|iPhoneSimulator.Build.0 = Debug|iPhoneSimulator
		{A6059ED6-0694-4C72-83D6-5277AF60869F}.Release|Any CPU.ActiveCfg = Release|iPhone
		{A6059ED6-0694-4C72-83D6-5277AF60869F}.Release|iPhone.ActiveCfg = Release|iPhone
		{A6059ED6-0694-4C72-83D6-5277AF60869F}.Release|iPhone.Build.0 = Release|iPhone
		{A6059ED6-0694-4C72-83D6-5277AF60869F}.Release|iPhoneSimulator.ActiveCfg = Release|iPhoneSimulator
		{A6059ED6-0694-4C72-83D6-5277AF60869F}.Release|iPhoneSimulator.Build.0 = Release|iPhoneSimulator
	EndGlobalSection
	GlobalSection(SolutionProperties) = preSolution
		HideSolutionNode = FALSE
	EndGlobalSection
	GlobalSection(ExtensibilityGlobals) = postSolution
		SolutionGuid = {0898D4B7-EA40-47CE-81EF-F32B6419005C}
	EndGlobalSection
EndGlobal
