
Microsoft Visual Studio Solution File, Format Version 12.00
# Visual Studio 2012
Project("{FAE04EC0-301F-11D3-BF4B-00C04F79EFBC}") = "helloworld2", "helloworld2\helloworld2.csproj", "{078AB11D-1F24-454F-BC73-A3F67F4AD2BF}"
EndProject
Project("{FAE04EC0-301F-11D3-BF4B-00C04F79EFBC}") = "helloworld2.iOS", "iOS\helloworld2.iOS.csproj", "{C60E4B15-428C-4ABD-BDAE-6BABD88C165C}"
EndProject
Project("{FAE04EC0-301F-11D3-BF4B-00C04F79EFBC}") = "helloworld2.Droid", "Droid\helloworld2.Droid.csproj", "{BE56C64A-DB4F-450A-BFD0-C90A8F6E127C}"
EndProject
Global
	GlobalSection(SolutionConfigurationPlatforms) = preSolution
		Debug|Any CPU = Debug|Any CPU
		Release|Any CPU = Release|Any CPU
		Debug|iPhoneSimulator = Debug|iPhoneSimulator
		Release|iPhone = Release|iPhone
		Release|iPhoneSimulator = Release|iPhoneSimulator
		Debug|iPhone = Debug|iPhone
	EndGlobalSection
	GlobalSection(ProjectConfigurationPlatforms) = postSolution
		{078AB11D-1F24-454F-BC73-A3F67F4AD2BF}.Debug|Any CPU.ActiveCfg = Debug|Any CPU
		{078AB11D-1F24-454F-BC73-A3F67F4AD2BF}.Debug|Any CPU.Build.0 = Debug|Any CPU
		{078AB11D-1F24-454F-BC73-A3F67F4AD2BF}.Release|Any CPU.ActiveCfg = Release|Any CPU
		{078AB11D-1F24-454F-BC73-A3F67F4AD2BF}.Release|Any CPU.Build.0 = Release|Any CPU
		{078AB11D-1F24-454F-BC73-A3F67F4AD2BF}.Debug|iPhoneSimulator.ActiveCfg = Debug|Any CPU
		{078AB11D-1F24-454F-BC73-A3F67F4AD2BF}.Debug|iPhoneSimulator.Build.0 = Debug|Any CPU
		{078AB11D-1F24-454F-BC73-A3F67F4AD2BF}.Release|iPhone.ActiveCfg = Release|Any CPU
		{078AB11D-1F24-454F-BC73-A3F67F4AD2BF}.Release|iPhone.Build.0 = Release|Any CPU
		{078AB11D-1F24-454F-BC73-A3F67F4AD2BF}.Release|iPhoneSimulator.ActiveCfg = Release|Any CPU
		{078AB11D-1F24-454F-BC73-A3F67F4AD2BF}.Release|iPhoneSimulator.Build.0 = Release|Any CPU
		{078AB11D-1F24-454F-BC73-A3F67F4AD2BF}.Debug|iPhone.ActiveCfg = Debug|Any CPU
		{078AB11D-1F24-454F-BC73-A3F67F4AD2BF}.Debug|iPhone.Build.0 = Debug|Any CPU
		{C60E4B15-428C-4ABD-BDAE-6BABD88C165C}.Debug|Any CPU.ActiveCfg = Debug|iPhoneSimulator
		{C60E4B15-428C-4ABD-BDAE-6BABD88C165C}.Debug|Any CPU.Build.0 = Debug|iPhoneSimulator
		{C60E4B15-428C-4ABD-BDAE-6BABD88C165C}.Release|Any CPU.ActiveCfg = Release|iPhone
		{C60E4B15-428C-4ABD-BDAE-6BABD88C165C}.Release|Any CPU.Build.0 = Release|iPhone
		{C60E4B15-428C-4ABD-BDAE-6BABD88C165C}.Debug|iPhoneSimulator.ActiveCfg = Debug|iPhoneSimulator
		{C60E4B15-428C-4ABD-BDAE-6BABD88C165C}.Debug|iPhoneSimulator.Build.0 = Debug|iPhoneSimulator
		{C60E4B15-428C-4ABD-BDAE-6BABD88C165C}.Release|iPhone.ActiveCfg = Release|iPhone
		{C60E4B15-428C-4ABD-BDAE-6BABD88C165C}.Release|iPhone.Build.0 = Release|iPhone
		{C60E4B15-428C-4ABD-BDAE-6BABD88C165C}.Release|iPhoneSimulator.ActiveCfg = Release|iPhoneSimulator
		{C60E4B15-428C-4ABD-BDAE-6BABD88C165C}.Release|iPhoneSimulator.Build.0 = Release|iPhoneSimulator
		{C60E4B15-428C-4ABD-BDAE-6BABD88C165C}.Debug|iPhone.ActiveCfg = Debug|iPhone
		{C60E4B15-428C-4ABD-BDAE-6BABD88C165C}.Debug|iPhone.Build.0 = Debug|iPhone
		{BE56C64A-DB4F-450A-BFD0-C90A8F6E127C}.Debug|Any CPU.ActiveCfg = Debug|Any CPU
		{BE56C64A-DB4F-450A-BFD0-C90A8F6E127C}.Debug|Any CPU.Build.0 = Debug|Any CPU
		{BE56C64A-DB4F-450A-BFD0-C90A8F6E127C}.Release|Any CPU.ActiveCfg = Release|Any CPU
		{BE56C64A-DB4F-450A-BFD0-C90A8F6E127C}.Release|Any CPU.Build.0 = Release|Any CPU
		{BE56C64A-DB4F-450A-BFD0-C90A8F6E127C}.Debug|iPhoneSimulator.ActiveCfg = Debug|Any CPU
		{BE56C64A-DB4F-450A-BFD0-C90A8F6E127C}.Debug|iPhoneSimulator.Build.0 = Debug|Any CPU
		{BE56C64A-DB4F-450A-BFD0-C90A8F6E127C}.Release|iPhone.ActiveCfg = Release|Any CPU
		{BE56C64A-DB4F-450A-BFD0-C90A8F6E127C}.Release|iPhone.Build.0 = Release|Any CPU
		{BE56C64A-DB4F-450A-BFD0-C90A8F6E127C}.Release|iPhoneSimulator.ActiveCfg = Release|Any CPU
		{BE56C64A-DB4F-450A-BFD0-C90A8F6E127C}.Release|iPhoneSimulator.Build.0 = Release|Any CPU
		{BE56C64A-DB4F-450A-BFD0-C90A8F6E127C}.Debug|iPhone.ActiveCfg = Debug|Any CPU
		{BE56C64A-DB4F-450A-BFD0-C90A8F6E127C}.Debug|iPhone.Build.0 = Debug|Any CPU
	EndGlobalSection
EndGlobal
