
Microsoft Visual Studio Solution File, Format Version 12.00
# Visual Studio 15
VisualStudioVersion = 15.0.26730.15
MinimumVisualStudioVersion = 10.0.40219.1
Project("{D954291E-2A0B-460D-934E-DC6B0785DB48}") = "Streamys_Winners_List", "Streamys Winners List\Streamys_Winners_List\Streamys_Winners_List.shproj", "{D55E522B-7CA2-4C9F-A66C-C62A625FCC43}"
EndProject
Project("{FAE04EC0-301F-11D3-BF4B-00C04F79EFBC}") = "Streamys_Winners_List.Android", "Streamys Winners List\Streamys_Winners_List.Android\Streamys_Winners_List.Android.csproj", "{2EB772B1-D80E-4126-A504-BA1896646E94}"
EndProject
Project("{FAE04EC0-301F-11D3-BF4B-00C04F79EFBC}") = "Streamys_Winners_List.iOS", "Streamys Winners List\Streamys_Winners_List.iOS\Streamys_Winners_List.iOS.csproj", "{6C56D70C-F480-454D-9259-6D4B0C7DB281}"
EndProject
Global
	GlobalSection(SharedMSBuildProjectFiles) = preSolution
		Streamys Winners List\Streamys_Winners_List\Streamys_Winners_List.projitems*{2eb772b1-d80e-4126-a504-ba1896646e94}*SharedItemsImports = 4
		Streamys Winners List\Streamys_Winners_List\Streamys_Winners_List.projitems*{6c56d70c-f480-454d-9259-6d4b0c7db281}*SharedItemsImports = 4
		Streamys Winners List\Streamys_Winners_List\Streamys_Winners_List.projitems*{d55e522b-7ca2-4c9f-a66c-c62a625fcc43}*SharedItemsImports = 13
	EndGlobalSection
	GlobalSection(SolutionConfigurationPlatforms) = preSolution
		Ad-Hoc|Any CPU = Ad-Hoc|Any CPU
		Ad-Hoc|iPhone = Ad-Hoc|iPhone
		Ad-Hoc|iPhoneSimulator = Ad-Hoc|iPhoneSimulator
		AppStore|Any CPU = AppStore|Any CPU
		AppStore|iPhone = AppStore|iPhone
		AppStore|iPhoneSimulator = AppStore|iPhoneSimulator
		Debug|Any CPU = Debug|Any CPU
		Debug|iPhone = Debug|iPhone
		Debug|iPhoneSimulator = Debug|iPhoneSimulator
		Release|Any CPU = Release|Any CPU
		Release|iPhone = Release|iPhone
		Release|iPhoneSimulator = Release|iPhoneSimulator
	EndGlobalSection
	GlobalSection(ProjectConfigurationPlatforms) = postSolution
		{2EB772B1-D80E-4126-A504-BA1896646E94}.Ad-Hoc|Any CPU.ActiveCfg = Release|Any CPU
		{2EB772B1-D80E-4126-A504-BA1896646E94}.Ad-Hoc|Any CPU.Build.0 = Release|Any CPU
		{2EB772B1-D80E-4126-A504-BA1896646E94}.Ad-Hoc|Any CPU.Deploy.0 = Release|Any CPU
		{2EB772B1-D80E-4126-A504-BA1896646E94}.Ad-Hoc|iPhone.ActiveCfg = Release|Any CPU
		{2EB772B1-D80E-4126-A504-BA1896646E94}.Ad-Hoc|iPhone.Build.0 = Release|Any CPU
		{2EB772B1-D80E-4126-A504-BA1896646E94}.Ad-Hoc|iPhone.Deploy.0 = Release|Any CPU
		{2EB772B1-D80E-4126-A504-BA1896646E94}.Ad-Hoc|iPhoneSimulator.ActiveCfg = Release|Any CPU
		{2EB772B1-D80E-4126-A504-BA1896646E94}.Ad-Hoc|iPhoneSimulator.Build.0 = Release|Any CPU
		{2EB772B1-D80E-4126-A504-BA1896646E94}.Ad-Hoc|iPhoneSimulator.Deploy.0 = Release|Any CPU
		{2EB772B1-D80E-4126-A504-BA1896646E94}.AppStore|Any CPU.ActiveCfg = Release|Any CPU
		{2EB772B1-D80E-4126-A504-BA1896646E94}.AppStore|Any CPU.Build.0 = Release|Any CPU
		{2EB772B1-D80E-4126-A504-BA1896646E94}.AppStore|Any CPU.Deploy.0 = Release|Any CPU
		{2EB772B1-D80E-4126-A504-BA1896646E94}.AppStore|iPhone.ActiveCfg = Release|Any CPU
		{2EB772B1-D80E-4126-A504-BA1896646E94}.AppStore|iPhone.Build.0 = Release|Any CPU
		{2EB772B1-D80E-4126-A504-BA1896646E94}.AppStore|iPhone.Deploy.0 = Release|Any CPU
		{2EB772B1-D80E-4126-A504-BA1896646E94}.AppStore|iPhoneSimulator.ActiveCfg = Release|Any CPU
		{2EB772B1-D80E-4126-A504-BA1896646E94}.AppStore|iPhoneSimulator.Build.0 = Release|Any CPU
		{2EB772B1-D80E-4126-A504-BA1896646E94}.AppStore|iPhoneSimulator.Deploy.0 = Release|Any CPU
		{2EB772B1-D80E-4126-A504-BA1896646E94}.Debug|Any CPU.ActiveCfg = Debug|Any CPU
		{2EB772B1-D80E-4126-A504-BA1896646E94}.Debug|Any CPU.Build.0 = Debug|Any CPU
		{2EB772B1-D80E-4126-A504-BA1896646E94}.Debug|Any CPU.Deploy.0 = Debug|Any CPU
		{2EB772B1-D80E-4126-A504-BA1896646E94}.Debug|iPhone.ActiveCfg = Debug|Any CPU
		{2EB772B1-D80E-4126-A504-BA1896646E94}.Debug|iPhone.Build.0 = Debug|Any CPU
		{2EB772B1-D80E-4126-A504-BA1896646E94}.Debug|iPhone.Deploy.0 = Debug|Any CPU
		{2EB772B1-D80E-4126-A504-BA1896646E94}.Debug|iPhoneSimulator.ActiveCfg = Debug|Any CPU
		{2EB772B1-D80E-4126-A504-BA1896646E94}.Debug|iPhoneSimulator.Build.0 = Debug|Any CPU
		{2EB772B1-D80E-4126-A504-BA1896646E94}.Debug|iPhoneSimulator.Deploy.0 = Debug|Any CPU
		{2EB772B1-D80E-4126-A504-BA1896646E94}.Release|Any CPU.ActiveCfg = Release|Any CPU
		{2EB772B1-D80E-4126-A504-BA1896646E94}.Release|Any CPU.Build.0 = Release|Any CPU
		{2EB772B1-D80E-4126-A504-BA1896646E94}.Release|Any CPU.Deploy.0 = Release|Any CPU
		{2EB772B1-D80E-4126-A504-BA1896646E94}.Release|iPhone.ActiveCfg = Release|Any CPU
		{2EB772B1-D80E-4126-A504-BA1896646E94}.Release|iPhone.Build.0 = Release|Any CPU
		{2EB772B1-D80E-4126-A504-BA1896646E94}.Release|iPhone.Deploy.0 = Release|Any CPU
		{2EB772B1-D80E-4126-A504-BA1896646E94}.Release|iPhoneSimulator.ActiveCfg = Release|Any CPU
		{2EB772B1-D80E-4126-A504-BA1896646E94}.Release|iPhoneSimulator.Build.0 = Release|Any CPU
		{2EB772B1-D80E-4126-A504-BA1896646E94}.Release|iPhoneSimulator.Deploy.0 = Release|Any CPU
		{6C56D70C-F480-454D-9259-6D4B0C7DB281}.Ad-Hoc|Any CPU.ActiveCfg = Ad-Hoc|iPhone
		{6C56D70C-F480-454D-9259-6D4B0C7DB281}.Ad-Hoc|iPhone.ActiveCfg = Ad-Hoc|iPhone
		{6C56D70C-F480-454D-9259-6D4B0C7DB281}.Ad-Hoc|iPhone.Build.0 = Ad-Hoc|iPhone
		{6C56D70C-F480-454D-9259-6D4B0C7DB281}.Ad-Hoc|iPhoneSimulator.ActiveCfg = Ad-Hoc|iPhoneSimulator
		{6C56D70C-F480-454D-9259-6D4B0C7DB281}.Ad-Hoc|iPhoneSimulator.Build.0 = Ad-Hoc|iPhoneSimulator
		{6C56D70C-F480-454D-9259-6D4B0C7DB281}.AppStore|Any CPU.ActiveCfg = AppStore|iPhone
		{6C56D70C-F480-454D-9259-6D4B0C7DB281}.AppStore|iPhone.ActiveCfg = AppStore|iPhone
		{6C56D70C-F480-454D-9259-6D4B0C7DB281}.AppStore|iPhone.Build.0 = AppStore|iPhone
		{6C56D70C-F480-454D-9259-6D4B0C7DB281}.AppStore|iPhoneSimulator.ActiveCfg = AppStore|iPhoneSimulator
		{6C56D70C-F480-454D-9259-6D4B0C7DB281}.AppStore|iPhoneSimulator.Build.0 = AppStore|iPhoneSimulator
		{6C56D70C-F480-454D-9259-6D4B0C7DB281}.Debug|Any CPU.ActiveCfg = Debug|iPhone
		{6C56D70C-F480-454D-9259-6D4B0C7DB281}.Debug|iPhone.ActiveCfg = Debug|iPhone
		{6C56D70C-F480-454D-9259-6D4B0C7DB281}.Debug|iPhone.Build.0 = Debug|iPhone
		{6C56D70C-F480-454D-9259-6D4B0C7DB281}.Debug|iPhoneSimulator.ActiveCfg = Debug|iPhoneSimulator
		{6C56D70C-F480-454D-9259-6D4B0C7DB281}.Debug|iPhoneSimulator.Build.0 = Debug|iPhoneSimulator
		{6C56D70C-F480-454D-9259-6D4B0C7DB281}.Release|Any CPU.ActiveCfg = Release|iPhone
		{6C56D70C-F480-454D-9259-6D4B0C7DB281}.Release|iPhone.ActiveCfg = Release|iPhone
		{6C56D70C-F480-454D-9259-6D4B0C7DB281}.Release|iPhone.Build.0 = Release|iPhone
		{6C56D70C-F480-454D-9259-6D4B0C7DB281}.Release|iPhoneSimulator.ActiveCfg = Release|iPhoneSimulator
		{6C56D70C-F480-454D-9259-6D4B0C7DB281}.Release|iPhoneSimulator.Build.0 = Release|iPhoneSimulator
	EndGlobalSection
	GlobalSection(SolutionProperties) = preSolution
		HideSolutionNode = FALSE
	EndGlobalSection
	GlobalSection(ExtensibilityGlobals) = postSolution
		SolutionGuid = {198A8DA9-8A39-4D7C-8E97-C150498E0E9C}
	EndGlobalSection
EndGlobal
