
Microsoft Visual Studio Solution File, Format Version 12.00
# Visual Studio 15
VisualStudioVersion = 15.0.27004.2002
MinimumVisualStudioVersion = 10.0.40219.1
Project("{FAE04EC0-301F-11D3-BF4B-00C04F79EFBC}") = "Week10", "Week10\Week10\Week10.csproj", "{8562E9BC-19D8-4238-9C16-2E989CF81C60}"
EndProject
Project("{FAE04EC0-301F-11D3-BF4B-00C04F79EFBC}") = "Week10.Droid", "Week10\Week10.Droid\Week10.Droid.csproj", "{07D2C94D-A630-465F-9E39-F7D107F60512}"
EndProject
Project("{FAE04EC0-301F-11D3-BF4B-00C04F79EFBC}") = "Week10.iOS", "Week10\Week10.iOS\Week10.iOS.csproj", "{31B38B3F-44F4-42AF-968A-314BFEACC939}"
EndProject
Global
	GlobalSection(SolutionConfigurationPlatforms) = preSolution
		Ad-Hoc|Any CPU = Ad-Hoc|Any CPU
		Ad-Hoc|iPhone = Ad-Hoc|iPhone
		Ad-Hoc|iPhoneSimulator = Ad-Hoc|iPhoneSimulator
		AppStore|Any CPU = AppStore|Any CPU
		AppStore|iPhone = AppStore|iPhone
		AppStore|iPhoneSimulator = AppStore|iPhoneSimulator
		Debug|Any CPU = Debug|Any CPU
		Debug|iPhone = Debug|iPhone
		Debug|iPhoneSimulator = Debug|iPhoneSimulator
		Release|Any CPU = Release|Any CPU
		Release|iPhone = Release|iPhone
		Release|iPhoneSimulator = Release|iPhoneSimulator
	EndGlobalSection
	GlobalSection(ProjectConfigurationPlatforms) = postSolution
		{8562E9BC-19D8-4238-9C16-2E989CF81C60}.Ad-Hoc|Any CPU.ActiveCfg = Release|Any CPU
		{8562E9BC-19D8-4238-9C16-2E989CF81C60}.Ad-Hoc|Any CPU.Build.0 = Release|Any CPU
		{8562E9BC-19D8-4238-9C16-2E989CF81C60}.Ad-Hoc|iPhone.ActiveCfg = Release|Any CPU
		{8562E9BC-19D8-4238-9C16-2E989CF81C60}.Ad-Hoc|iPhone.Build.0 = Release|Any CPU
		{8562E9BC-19D8-4238-9C16-2E989CF81C60}.Ad-Hoc|iPhoneSimulator.ActiveCfg = Release|Any CPU
		{8562E9BC-19D8-4238-9C16-2E989CF81C60}.Ad-Hoc|iPhoneSimulator.Build.0 = Release|Any CPU
		{8562E9BC-19D8-4238-9C16-2E989CF81C60}.AppStore|Any CPU.ActiveCfg = Release|Any CPU
		{8562E9BC-19D8-4238-9C16-2E989CF81C60}.AppStore|Any CPU.Build.0 = Release|Any CPU
		{8562E9BC-19D8-4238-9C16-2E989CF81C60}.AppStore|iPhone.ActiveCfg = Release|Any CPU
		{8562E9BC-19D8-4238-9C16-2E989CF81C60}.AppStore|iPhone.Build.0 = Release|Any CPU
		{8562E9BC-19D8-4238-9C16-2E989CF81C60}.AppStore|iPhoneSimulator.ActiveCfg = Release|Any CPU
		{8562E9BC-19D8-4238-9C16-2E989CF81C60}.AppStore|iPhoneSimulator.Build.0 = Release|Any CPU
		{8562E9BC-19D8-4238-9C16-2E989CF81C60}.Debug|Any CPU.ActiveCfg = Debug|Any CPU
		{8562E9BC-19D8-4238-9C16-2E989CF81C60}.Debug|Any CPU.Build.0 = Debug|Any CPU
		{8562E9BC-19D8-4238-9C16-2E989CF81C60}.Debug|iPhone.ActiveCfg = Debug|Any CPU
		{8562E9BC-19D8-4238-9C16-2E989CF81C60}.Debug|iPhone.Build.0 = Debug|Any CPU
		{8562E9BC-19D8-4238-9C16-2E989CF81C60}.Debug|iPhoneSimulator.ActiveCfg = Debug|Any CPU
		{8562E9BC-19D8-4238-9C16-2E989CF81C60}.Debug|iPhoneSimulator.Build.0 = Debug|Any CPU
		{8562E9BC-19D8-4238-9C16-2E989CF81C60}.Release|Any CPU.ActiveCfg = Release|Any CPU
		{8562E9BC-19D8-4238-9C16-2E989CF81C60}.Release|Any CPU.Build.0 = Release|Any CPU
		{8562E9BC-19D8-4238-9C16-2E989CF81C60}.Release|iPhone.ActiveCfg = Release|Any CPU
		{8562E9BC-19D8-4238-9C16-2E989CF81C60}.Release|iPhone.Build.0 = Release|Any CPU
		{8562E9BC-19D8-4238-9C16-2E989CF81C60}.Release|iPhoneSimulator.ActiveCfg = Release|Any CPU
		{8562E9BC-19D8-4238-9C16-2E989CF81C60}.Release|iPhoneSimulator.Build.0 = Release|Any CPU
		{07D2C94D-A630-465F-9E39-F7D107F60512}.Ad-Hoc|Any CPU.ActiveCfg = Release|Any CPU
		{07D2C94D-A630-465F-9E39-F7D107F60512}.Ad-Hoc|Any CPU.Build.0 = Release|Any CPU
		{07D2C94D-A630-465F-9E39-F7D107F60512}.Ad-Hoc|Any CPU.Deploy.0 = Release|Any CPU
		{07D2C94D-A630-465F-9E39-F7D107F60512}.Ad-Hoc|iPhone.ActiveCfg = Release|Any CPU
		{07D2C94D-A630-465F-9E39-F7D107F60512}.Ad-Hoc|iPhone.Build.0 = Release|Any CPU
		{07D2C94D-A630-465F-9E39-F7D107F60512}.Ad-Hoc|iPhone.Deploy.0 = Release|Any CPU
		{07D2C94D-A630-465F-9E39-F7D107F60512}.Ad-Hoc|iPhoneSimulator.ActiveCfg = Release|Any CPU
		{07D2C94D-A630-465F-9E39-F7D107F60512}.Ad-Hoc|iPhoneSimulator.Build.0 = Release|Any CPU
		{07D2C94D-A630-465F-9E39-F7D107F60512}.Ad-Hoc|iPhoneSimulator.Deploy.0 = Release|Any CPU
		{07D2C94D-A630-465F-9E39-F7D107F60512}.AppStore|Any CPU.ActiveCfg = Release|Any CPU
		{07D2C94D-A630-465F-9E39-F7D107F60512}.AppStore|Any CPU.Build.0 = Release|Any CPU
		{07D2C94D-A630-465F-9E39-F7D107F60512}.AppStore|Any CPU.Deploy.0 = Release|Any CPU
		{07D2C94D-A630-465F-9E39-F7D107F60512}.AppStore|iPhone.ActiveCfg = Release|Any CPU
		{07D2C94D-A630-465F-9E39-F7D107F60512}.AppStore|iPhone.Build.0 = Release|Any CPU
		{07D2C94D-A630-465F-9E39-F7D107F60512}.AppStore|iPhone.Deploy.0 = Release|Any CPU
		{07D2C94D-A630-465F-9E39-F7D107F60512}.AppStore|iPhoneSimulator.ActiveCfg = Release|Any CPU
		{07D2C94D-A630-465F-9E39-F7D107F60512}.AppStore|iPhoneSimulator.Build.0 = Release|Any CPU
		{07D2C94D-A630-465F-9E39-F7D107F60512}.AppStore|iPhoneSimulator.Deploy.0 = Release|Any CPU
		{07D2C94D-A630-465F-9E39-F7D107F60512}.Debug|Any CPU.ActiveCfg = Debug|Any CPU
		{07D2C94D-A630-465F-9E39-F7D107F60512}.Debug|Any CPU.Build.0 = Debug|Any CPU
		{07D2C94D-A630-465F-9E39-F7D107F60512}.Debug|Any CPU.Deploy.0 = Debug|Any CPU
		{07D2C94D-A630-465F-9E39-F7D107F60512}.Debug|iPhone.ActiveCfg = Debug|Any CPU
		{07D2C94D-A630-465F-9E39-F7D107F60512}.Debug|iPhone.Build.0 = Debug|Any CPU
		{07D2C94D-A630-465F-9E39-F7D107F60512}.Debug|iPhone.Deploy.0 = Debug|Any CPU
		{07D2C94D-A630-465F-9E39-F7D107F60512}.Debug|iPhoneSimulator.ActiveCfg = Debug|Any CPU
		{07D2C94D-A630-465F-9E39-F7D107F60512}.Debug|iPhoneSimulator.Build.0 = Debug|Any CPU
		{07D2C94D-A630-465F-9E39-F7D107F60512}.Debug|iPhoneSimulator.Deploy.0 = Debug|Any CPU
		{07D2C94D-A630-465F-9E39-F7D107F60512}.Release|Any CPU.ActiveCfg = Release|Any CPU
		{07D2C94D-A630-465F-9E39-F7D107F60512}.Release|Any CPU.Build.0 = Release|Any CPU
		{07D2C94D-A630-465F-9E39-F7D107F60512}.Release|Any CPU.Deploy.0 = Release|Any CPU
		{07D2C94D-A630-465F-9E39-F7D107F60512}.Release|iPhone.ActiveCfg = Release|Any CPU
		{07D2C94D-A630-465F-9E39-F7D107F60512}.Release|iPhone.Build.0 = Release|Any CPU
		{07D2C94D-A630-465F-9E39-F7D107F60512}.Release|iPhone.Deploy.0 = Release|Any CPU
		{07D2C94D-A630-465F-9E39-F7D107F60512}.Release|iPhoneSimulator.ActiveCfg = Release|Any CPU
		{07D2C94D-A630-465F-9E39-F7D107F60512}.Release|iPhoneSimulator.Build.0 = Release|Any CPU
		{07D2C94D-A630-465F-9E39-F7D107F60512}.Release|iPhoneSimulator.Deploy.0 = Release|Any CPU
		{31B38B3F-44F4-42AF-968A-314BFEACC939}.Ad-Hoc|Any CPU.ActiveCfg = Ad-Hoc|iPhone
		{31B38B3F-44F4-42AF-968A-314BFEACC939}.Ad-Hoc|iPhone.ActiveCfg = Ad-Hoc|iPhone
		{31B38B3F-44F4-42AF-968A-314BFEACC939}.Ad-Hoc|iPhone.Build.0 = Ad-Hoc|iPhone
		{31B38B3F-44F4-42AF-968A-314BFEACC939}.Ad-Hoc|iPhoneSimulator.ActiveCfg = Ad-Hoc|iPhoneSimulator
		{31B38B3F-44F4-42AF-968A-314BFEACC939}.Ad-Hoc|iPhoneSimulator.Build.0 = Ad-Hoc|iPhoneSimulator
		{31B38B3F-44F4-42AF-968A-314BFEACC939}.AppStore|Any CPU.ActiveCfg = AppStore|iPhone
		{31B38B3F-44F4-42AF-968A-314BFEACC939}.AppStore|iPhone.ActiveCfg = AppStore|iPhone
		{31B38B3F-44F4-42AF-968A-314BFEACC939}.AppStore|iPhone.Build.0 = AppStore|iPhone
		{31B38B3F-44F4-42AF-968A-314BFEACC939}.AppStore|iPhoneSimulator.ActiveCfg = AppStore|iPhoneSimulator
		{31B38B3F-44F4-42AF-968A-314BFEACC939}.AppStore|iPhoneSimulator.Build.0 = AppStore|iPhoneSimulator
		{31B38B3F-44F4-42AF-968A-314BFEACC939}.Debug|Any CPU.ActiveCfg = Debug|iPhone
		{31B38B3F-44F4-42AF-968A-314BFEACC939}.Debug|iPhone.ActiveCfg = Debug|iPhone
		{31B38B3F-44F4-42AF-968A-314BFEACC939}.Debug|iPhone.Build.0 = Debug|iPhone
		{31B38B3F-44F4-42AF-968A-314BFEACC939}.Debug|iPhoneSimulator.ActiveCfg = Debug|iPhoneSimulator
		{31B38B3F-44F4-42AF-968A-314BFEACC939}.Debug|iPhoneSimulator.Build.0 = Debug|iPhoneSimulator
		{31B38B3F-44F4-42AF-968A-314BFEACC939}.Release|Any CPU.ActiveCfg = Release|iPhone
		{31B38B3F-44F4-42AF-968A-314BFEACC939}.Release|iPhone.ActiveCfg = Release|iPhone
		{31B38B3F-44F4-42AF-968A-314BFEACC939}.Release|iPhone.Build.0 = Release|iPhone
		{31B38B3F-44F4-42AF-968A-314BFEACC939}.Release|iPhoneSimulator.ActiveCfg = Release|iPhoneSimulator
		{31B38B3F-44F4-42AF-968A-314BFEACC939}.Release|iPhoneSimulator.Build.0 = Release|iPhoneSimulator
	EndGlobalSection
	GlobalSection(SolutionProperties) = preSolution
		HideSolutionNode = FALSE
	EndGlobalSection
	GlobalSection(ExtensibilityGlobals) = postSolution
		SolutionGuid = {FB223F38-403C-4FE3-9F52-338EA75CED02}
	EndGlobalSection
EndGlobal
